
Microsoft Visual Studio Solution File, Format Version 12.00
# Visual Studio 15
VisualStudioVersion = 15.0.27004.2002
MinimumVisualStudioVersion = 10.0.40219.1
Project("{FAE04EC0-301F-11D3-BF4B-00C04F79EFBC}") = "Poker", "Practice_C_Sharp\Poker.csproj", "{1CF1EC86-DBD1-424A-AEE9-DCC8046D9D15}"
EndProject
Project("{FAE04EC0-301F-11D3-BF4B-00C04F79EFBC}") = "PokerTests", "PokerTests\PokerTests.csproj", "{8F0C8EF3-245E-46CB-AF3C-97E55DFADB5B}"
EndProject
Global
	GlobalSection(SolutionConfigurationPlatforms) = preSolution
		Debug|Any CPU = Debug|Any CPU
		Release|Any CPU = Release|Any CPU
	EndGlobalSection
	GlobalSection(ProjectConfigurationPlatforms) = postSolution
		{1CF1EC86-DBD1-424A-AEE9-DCC8046D9D15}.Debug|Any CPU.ActiveCfg = Debug|Any CPU
		{1CF1EC86-DBD1-424A-AEE9-DCC8046D9D15}.Debug|Any CPU.Build.0 = Debug|Any CPU
		{1CF1EC86-DBD1-424A-AEE9-DCC8046D9D15}.Release|Any CPU.ActiveCfg = Release|Any CPU
		{1CF1EC86-DBD1-424A-AEE9-DCC8046D9D15}.Release|Any CPU.Build.0 = Release|Any CPU
		{8F0C8EF3-245E-46CB-AF3C-97E55DFADB5B}.Debug|Any CPU.ActiveCfg = Debug|Any CPU
		{8F0C8EF3-245E-46CB-AF3C-97E55DFADB5B}.Debug|Any CPU.Build.0 = Debug|Any CPU
		{8F0C8EF3-245E-46CB-AF3C-97E55DFADB5B}.Release|Any CPU.ActiveCfg = Release|Any CPU
		{8F0C8EF3-245E-46CB-AF3C-97E55DFADB5B}.Release|Any CPU.Build.0 = Release|Any CPU
	EndGlobalSection
	GlobalSection(SolutionProperties) = preSolution
		HideSolutionNode = FALSE
	EndGlobalSection
	GlobalSection(ExtensibilityGlobals) = postSolution
		SolutionGuid = {158F6E71-0606-4E2C-B880-57905F0E0F7B}
	EndGlobalSection
EndGlobal
